
Microsoft Visual Studio Solution File, Format Version 12.00
# Visual Studio Version 16
VisualStudioVersion = 16.0.810.21
MinimumVisualStudioVersion = 10.0.40219.1
Project("{FAE04EC0-301F-11D3-BF4B-00C04F79EFBC}") = "HelloWorld", "HelloWorld\HelloWorld.csproj", "{846D2152-FF7B-4A29-976D-B8ECB02549DA}"
EndProject
Project("{FAE04EC0-301F-11D3-BF4B-00C04F79EFBC}") = "Day1HW", "Day1HW\Day1HW.csproj", "{DB93D8C1-2E3B-47BE-9342-2409EA692A57}"
EndProject
Project("{FAE04EC0-301F-11D3-BF4B-00C04F79EFBC}") = "Day2", "Day2\Day2.csproj", "{F870F9F3-F6A9-48B9-A139-5894F3A9BA01}"
EndProject
Project("{FAE04EC0-301F-11D3-BF4B-00C04F79EFBC}") = "Day3", "Day3\Day3.csproj", "{654809DF-FF32-4D5B-A774-251D00ABC639}"
EndProject
Project("{FAE04EC0-301F-11D3-BF4B-00C04F79EFBC}") = "PushBox", "PushBox\PushBox.csproj", "{B4951C69-0867-4FEF-9F29-CA1CC3548950}"
EndProject
Project("{FAE04EC0-301F-11D3-BF4B-00C04F79EFBC}") = "Day4", "Day4\Day4.csproj", "{F7AEEA55-9924-4527-A5DF-085340291A4A}"
EndProject
Project("{FAE04EC0-301F-11D3-BF4B-00C04F79EFBC}") = "Day5", "Day5\Day5.csproj", "{8E2ACCC4-EC82-4B50-9320-C2B2B8B5C5E8}"
EndProject
Project("{FAE04EC0-301F-11D3-BF4B-00C04F79EFBC}") = "Day6", "Day6\Day6.csproj", "{84562C5F-CB46-406A-A193-B91A0ED4F83D}"
EndProject
Global
	GlobalSection(SolutionConfigurationPlatforms) = preSolution
		Debug|anycpu = Debug|anycpu
		Release|anycpu = Release|anycpu
	EndGlobalSection
	GlobalSection(ProjectConfigurationPlatforms) = postSolution
		{846D2152-FF7B-4A29-976D-B8ECB02549DA}.Debug|anycpu.ActiveCfg = Debug|anycpu
		{846D2152-FF7B-4A29-976D-B8ECB02549DA}.Debug|anycpu.Build.0 = Debug|anycpu
		{846D2152-FF7B-4A29-976D-B8ECB02549DA}.Release|anycpu.ActiveCfg = Release|anycpu
		{846D2152-FF7B-4A29-976D-B8ECB02549DA}.Release|anycpu.Build.0 = Release|anycpu
		{DB93D8C1-2E3B-47BE-9342-2409EA692A57}.Debug|anycpu.ActiveCfg = Debug|anycpu
		{DB93D8C1-2E3B-47BE-9342-2409EA692A57}.Debug|anycpu.Build.0 = Debug|anycpu
		{DB93D8C1-2E3B-47BE-9342-2409EA692A57}.Release|anycpu.ActiveCfg = Release|anycpu
		{DB93D8C1-2E3B-47BE-9342-2409EA692A57}.Release|anycpu.Build.0 = Release|anycpu
		{F870F9F3-F6A9-48B9-A139-5894F3A9BA01}.Debug|anycpu.ActiveCfg = Debug|anycpu
		{F870F9F3-F6A9-48B9-A139-5894F3A9BA01}.Debug|anycpu.Build.0 = Debug|anycpu
		{F870F9F3-F6A9-48B9-A139-5894F3A9BA01}.Release|anycpu.ActiveCfg = Release|anycpu
		{F870F9F3-F6A9-48B9-A139-5894F3A9BA01}.Release|anycpu.Build.0 = Release|anycpu
		{654809DF-FF32-4D5B-A774-251D00ABC639}.Debug|anycpu.ActiveCfg = Debug|anycpu
		{654809DF-FF32-4D5B-A774-251D00ABC639}.Debug|anycpu.Build.0 = Debug|anycpu
		{654809DF-FF32-4D5B-A774-251D00ABC639}.Release|anycpu.ActiveCfg = Release|anycpu
		{654809DF-FF32-4D5B-A774-251D00ABC639}.Release|anycpu.Build.0 = Release|anycpu
		{B4951C69-0867-4FEF-9F29-CA1CC3548950}.Debug|anycpu.ActiveCfg = Debug|anycpu
		{B4951C69-0867-4FEF-9F29-CA1CC3548950}.Debug|anycpu.Build.0 = Debug|anycpu
		{B4951C69-0867-4FEF-9F29-CA1CC3548950}.Release|anycpu.ActiveCfg = Release|anycpu
		{B4951C69-0867-4FEF-9F29-CA1CC3548950}.Release|anycpu.Build.0 = Release|anycpu
		{F7AEEA55-9924-4527-A5DF-085340291A4A}.Debug|anycpu.ActiveCfg = Debug|anycpu
		{F7AEEA55-9924-4527-A5DF-085340291A4A}.Debug|anycpu.Build.0 = Debug|anycpu
		{F7AEEA55-9924-4527-A5DF-085340291A4A}.Release|anycpu.ActiveCfg = Release|anycpu
		{F7AEEA55-9924-4527-A5DF-085340291A4A}.Release|anycpu.Build.0 = Release|anycpu
		{8E2ACCC4-EC82-4B50-9320-C2B2B8B5C5E8}.Debug|anycpu.ActiveCfg = Debug|anycpu
		{8E2ACCC4-EC82-4B50-9320-C2B2B8B5C5E8}.Debug|anycpu.Build.0 = Debug|anycpu
		{8E2ACCC4-EC82-4B50-9320-C2B2B8B5C5E8}.Release|anycpu.ActiveCfg = Release|anycpu
		{8E2ACCC4-EC82-4B50-9320-C2B2B8B5C5E8}.Release|anycpu.Build.0 = Release|anycpu
		{84562C5F-CB46-406A-A193-B91A0ED4F83D}.Debug|anycpu.ActiveCfg = Debug|anycpu
		{84562C5F-CB46-406A-A193-B91A0ED4F83D}.Debug|anycpu.Build.0 = Debug|anycpu
		{84562C5F-CB46-406A-A193-B91A0ED4F83D}.Release|anycpu.ActiveCfg = Release|anycpu
		{84562C5F-CB46-406A-A193-B91A0ED4F83D}.Release|anycpu.Build.0 = Release|anycpu
	EndGlobalSection
	GlobalSection(SolutionProperties) = preSolution
		HideSolutionNode = FALSE
	EndGlobalSection
	GlobalSection(ExtensibilityGlobals) = postSolution
		SolutionGuid = {796AE438-A313-40CF-A802-3C9318CBD32C}
	EndGlobalSection
EndGlobal
