
Microsoft Visual Studio Solution File, Format Version 12.00
# Visual Studio Version 16
VisualStudioVersion = 16.0.810.21
MinimumVisualStudioVersion = 10.0.40219.1
Project("{FAE04EC0-301F-11D3-BF4B-00C04F79EFBC}") = "LLStack", "LLStack\LLStack.csproj", "{EB3F9D81-B0CB-4FDA-A0D1-45FA99BD2137}"
EndProject
Project("{FAE04EC0-301F-11D3-BF4B-00C04F79EFBC}") = "IntParser", "IntParser\IntParser.csproj", "{FAF1BD9D-84B8-4E84-9454-20649FE69F56}"
EndProject
Project("{FAE04EC0-301F-11D3-BF4B-00C04F79EFBC}") = "BoardGame", "BoardGame\BoardGame.csproj", "{4E696949-4552-461B-B69F-A06B872D7939}"
EndProject
Global
	GlobalSection(SolutionConfigurationPlatforms) = preSolution
		Debug|anycpu = Debug|anycpu
		Release|anycpu = Release|anycpu
	EndGlobalSection
	GlobalSection(ProjectConfigurationPlatforms) = postSolution
		{EB3F9D81-B0CB-4FDA-A0D1-45FA99BD2137}.Debug|anycpu.ActiveCfg = Debug|anycpu
		{EB3F9D81-B0CB-4FDA-A0D1-45FA99BD2137}.Debug|anycpu.Build.0 = Debug|anycpu
		{EB3F9D81-B0CB-4FDA-A0D1-45FA99BD2137}.Release|anycpu.ActiveCfg = Release|anycpu
		{EB3F9D81-B0CB-4FDA-A0D1-45FA99BD2137}.Release|anycpu.Build.0 = Release|anycpu
		{FAF1BD9D-84B8-4E84-9454-20649FE69F56}.Debug|anycpu.ActiveCfg = Debug|anycpu
		{FAF1BD9D-84B8-4E84-9454-20649FE69F56}.Debug|anycpu.Build.0 = Debug|anycpu
		{FAF1BD9D-84B8-4E84-9454-20649FE69F56}.Release|anycpu.ActiveCfg = Release|anycpu
		{FAF1BD9D-84B8-4E84-9454-20649FE69F56}.Release|anycpu.Build.0 = Release|anycpu
		{4E696949-4552-461B-B69F-A06B872D7939}.Debug|anycpu.ActiveCfg = Debug|anycpu
		{4E696949-4552-461B-B69F-A06B872D7939}.Debug|anycpu.Build.0 = Debug|anycpu
		{4E696949-4552-461B-B69F-A06B872D7939}.Release|anycpu.ActiveCfg = Release|anycpu
		{4E696949-4552-461B-B69F-A06B872D7939}.Release|anycpu.Build.0 = Release|anycpu
	EndGlobalSection
	GlobalSection(SolutionProperties) = preSolution
		HideSolutionNode = FALSE
	EndGlobalSection
	GlobalSection(ExtensibilityGlobals) = postSolution
		SolutionGuid = {B1C74A9E-3A9C-4B67-845C-7780EFBEA965}
	EndGlobalSection
EndGlobal
